
Microsoft Visual Studio Solution File, Format Version 12.00
# Visual Studio Version 17
VisualStudioVersion = 17.0.31903.59
MinimumVisualStudioVersion = 10.0.40219.1
Project("{2150E333-8FDC-42A3-9474-1A3956D46DE8}") = "src", "src", "{827E0CD3-B72D-47B6-A68D-7590B98EB39B}"
EndProject
Project("{FAE04EC0-301F-11D3-BF4B-00C04F79EFBC}") = "API", "src\Host\API\API.csproj", "{ED49C1B1-67BF-4152-AD55-5033CD16A52D}"
EndProject
Project("{2150E333-8FDC-42A3-9474-1A3956D46DE8}") = "Modules", "Modules", "{EC447DCF-ABFA-6E24-52A5-D7FD48A5C558}"
EndProject
Project("{2150E333-8FDC-42A3-9474-1A3956D46DE8}") = "Identity", "Identity", "{0EC62A1A-9858-3A60-8A0C-FC9AACFA2EC7}"
EndProject
Project("{FAE04EC0-301F-11D3-BF4B-00C04F79EFBC}") = "Application", "src\Modules\Identity\Application\Application.csproj", "{B6659EE3-C9F4-498D-8870-AB0182BC46F7}"
EndProject
Project("{FAE04EC0-301F-11D3-BF4B-00C04F79EFBC}") = "API", "src\Modules\Identity\API\API.csproj", "{9627F8BF-02E2-47E9-B7BD-945357F4944F}"
EndProject
Project("{2150E333-8FDC-42A3-9474-1A3956D46DE8}") = "BuildingBlock", "BuildingBlock", "{8F188A11-10B3-01AA-2919-022DB345ECA2}"
EndProject
Project("{2150E333-8FDC-42A3-9474-1A3956D46DE8}") = "test", "test", "{71512DE4-C0E8-9276-8952-FE208EAAAEFE}"
EndProject
Project("{FAE04EC0-301F-11D3-BF4B-00C04F79EFBC}") = "Domain", "src\Modules\Identity\Domain\Domain.csproj", "{14B974D1-DFF4-4828-A673-F337A847CBCC}"
EndProject
Project("{FAE04EC0-301F-11D3-BF4B-00C04F79EFBC}") = "Infra", "src\Modules\Identity\Infra\Infra.csproj", "{9F337182-8C1B-4500-B655-7805F1051C24}"
EndProject
Project("{2150E333-8FDC-42A3-9474-1A3956D46DE8}") = "Jobs", "Jobs", "{72D90D98-2977-7949-81F5-CA55A7205F48}"
EndProject
Project("{FAE04EC0-301F-11D3-BF4B-00C04F79EFBC}") = "API", "src\Modules\Jobs\API\API.csproj", "{2D34C9B5-7CC3-4DF5-A1EF-B9993BE5DD58}"
EndProject
Project("{FAE04EC0-301F-11D3-BF4B-00C04F79EFBC}") = "Application", "src\Modules\Jobs\Application\Application.csproj", "{056C2553-C8CD-4E0A-9E5F-637E0C146E61}"
EndProject
Project("{FAE04EC0-301F-11D3-BF4B-00C04F79EFBC}") = "Domain", "src\Modules\Jobs\Domain\Domain.csproj", "{FE757A95-E689-46A5-B8D4-22B1F124E924}"
EndProject
Project("{FAE04EC0-301F-11D3-BF4B-00C04F79EFBC}") = "Infra", "src\Modules\Jobs\Infra\Infra.csproj", "{10D2E9E6-7320-4CFF-B61C-1AABD8315603}"
EndProject
Project("{2150E333-8FDC-42A3-9474-1A3956D46DE8}") = "Feed", "Feed", "{EC3044CC-E492-D8AF-0A23-FCE85D5BEC6C}"
EndProject
Project("{FAE04EC0-301F-11D3-BF4B-00C04F79EFBC}") = "API", "src\Modules\Feed\API\API.csproj", "{0578368D-27BF-4E60-BF68-BCE1A544922F}"
EndProject
Project("{FAE04EC0-301F-11D3-BF4B-00C04F79EFBC}") = "Application", "src\Modules\Feed\Application\Application.csproj", "{B5D66D08-B284-466A-9630-617DCD66C939}"
EndProject
Project("{FAE04EC0-301F-11D3-BF4B-00C04F79EFBC}") = "Infra", "src\Modules\Feed\Infra\Infra.csproj", "{CE3EE67D-7799-4D16-B249-F320ACAC32EC}"
EndProject
Project("{2150E333-8FDC-42A3-9474-1A3956D46DE8}") = "Host", "Host", "{981C2CF6-E5BB-602A-511C-234B538302B0}"
EndProject
Project("{FAE04EC0-301F-11D3-BF4B-00C04F79EFBC}") = "Function", "src\Host\Function\Function.csproj", "{21135577-9EDC-417E-8630-1E49168EE5F2}"
EndProject
Project("{FAE04EC0-301F-11D3-BF4B-00C04F79EFBC}") = "Worker", "src\Host\Worker\Worker.csproj", "{555A80A9-B424-46D5-A7E3-641D64AD25CD}"
EndProject
Project("{2150E333-8FDC-42A3-9474-1A3956D46DE8}") = "JobApplication", "JobApplication", "{77D691CB-1C90-F7D7-F3AD-7A7329972E7B}"
EndProject
Project("{FAE04EC0-301F-11D3-BF4B-00C04F79EFBC}") = "API", "src\Modules\JobApplication\API\API.csproj", "{AF9C69D2-A4EC-490F-B47F-50CBA4FE120C}"
EndProject
Project("{FAE04EC0-301F-11D3-BF4B-00C04F79EFBC}") = "Application", "src\Modules\JobApplication\Application\Application.csproj", "{364D8ADC-A4A1-4278-9271-070CDF7A82AA}"
EndProject
Project("{FAE04EC0-301F-11D3-BF4B-00C04F79EFBC}") = "Domain", "src\Modules\JobApplication\Domain\Domain.csproj", "{CE76FD7D-1075-4536-ACB9-2854144B4241}"
EndProject
Project("{FAE04EC0-301F-11D3-BF4B-00C04F79EFBC}") = "Infra", "src\Modules\JobApplication\Infra\Infra.csproj", "{80AB48D4-C6C7-4F2D-9064-2D0A403A3880}"
EndProject
Project("{2150E333-8FDC-42A3-9474-1A3956D46DE8}") = "src", "src", "{CADED06B-7944-DB9A-925D-5C1EF7A88BBF}"
EndProject
Project("{FAE04EC0-301F-11D3-BF4B-00C04F79EFBC}") = "Application", "src\BuildingBlock\src\Application\Application.csproj", "{675F562A-CBA9-4676-84EF-DAF64A8C1BEC}"
EndProject
Project("{FAE04EC0-301F-11D3-BF4B-00C04F79EFBC}") = "Domain", "src\BuildingBlock\src\Domain\Domain.csproj", "{7EE75BF9-9DB4-4DFB-A996-818C563E34F9}"
EndProject
Project("{FAE04EC0-301F-11D3-BF4B-00C04F79EFBC}") = "API", "src\BuildingBlock\src\API\API.csproj", "{40D65D7B-3F47-4A58-9910-83A4241B5776}"
EndProject
Project("{FAE04EC0-301F-11D3-BF4B-00C04F79EFBC}") = "Infra", "src\BuildingBlock\src\Infra\Infra.csproj", "{6BEB6B95-0C47-411E-897B-D668671D47CF}"
EndProject
Global
	GlobalSection(SolutionConfigurationPlatforms) = preSolution
		Debug|Any CPU = Debug|Any CPU
		Debug|x64 = Debug|x64
		Debug|x86 = Debug|x86
		Release|Any CPU = Release|Any CPU
		Release|x64 = Release|x64
		Release|x86 = Release|x86
	EndGlobalSection
	GlobalSection(ProjectConfigurationPlatforms) = postSolution
		{ED49C1B1-67BF-4152-AD55-5033CD16A52D}.Debug|Any CPU.ActiveCfg = Debug|Any CPU
		{ED49C1B1-67BF-4152-AD55-5033CD16A52D}.Debug|Any CPU.Build.0 = Debug|Any CPU
		{ED49C1B1-67BF-4152-AD55-5033CD16A52D}.Debug|x64.ActiveCfg = Debug|Any CPU
		{ED49C1B1-67BF-4152-AD55-5033CD16A52D}.Debug|x64.Build.0 = Debug|Any CPU
		{ED49C1B1-67BF-4152-AD55-5033CD16A52D}.Debug|x86.ActiveCfg = Debug|Any CPU
		{ED49C1B1-67BF-4152-AD55-5033CD16A52D}.Debug|x86.Build.0 = Debug|Any CPU
		{ED49C1B1-67BF-4152-AD55-5033CD16A52D}.Release|Any CPU.ActiveCfg = Release|Any CPU
		{ED49C1B1-67BF-4152-AD55-5033CD16A52D}.Release|Any CPU.Build.0 = Release|Any CPU
		{ED49C1B1-67BF-4152-AD55-5033CD16A52D}.Release|x64.ActiveCfg = Release|Any CPU
		{ED49C1B1-67BF-4152-AD55-5033CD16A52D}.Release|x64.Build.0 = Release|Any CPU
		{ED49C1B1-67BF-4152-AD55-5033CD16A52D}.Release|x86.ActiveCfg = Release|Any CPU
		{ED49C1B1-67BF-4152-AD55-5033CD16A52D}.Release|x86.Build.0 = Release|Any CPU
		{B6659EE3-C9F4-498D-8870-AB0182BC46F7}.Debug|Any CPU.ActiveCfg = Debug|Any CPU
		{B6659EE3-C9F4-498D-8870-AB0182BC46F7}.Debug|Any CPU.Build.0 = Debug|Any CPU
		{B6659EE3-C9F4-498D-8870-AB0182BC46F7}.Debug|x64.ActiveCfg = Debug|Any CPU
		{B6659EE3-C9F4-498D-8870-AB0182BC46F7}.Debug|x64.Build.0 = Debug|Any CPU
		{B6659EE3-C9F4-498D-8870-AB0182BC46F7}.Debug|x86.ActiveCfg = Debug|Any CPU
		{B6659EE3-C9F4-498D-8870-AB0182BC46F7}.Debug|x86.Build.0 = Debug|Any CPU
		{B6659EE3-C9F4-498D-8870-AB0182BC46F7}.Release|Any CPU.ActiveCfg = Release|Any CPU
		{B6659EE3-C9F4-498D-8870-AB0182BC46F7}.Release|Any CPU.Build.0 = Release|Any CPU
		{B6659EE3-C9F4-498D-8870-AB0182BC46F7}.Release|x64.ActiveCfg = Release|Any CPU
		{B6659EE3-C9F4-498D-8870-AB0182BC46F7}.Release|x64.Build.0 = Release|Any CPU
		{B6659EE3-C9F4-498D-8870-AB0182BC46F7}.Release|x86.ActiveCfg = Release|Any CPU
		{B6659EE3-C9F4-498D-8870-AB0182BC46F7}.Release|x86.Build.0 = Release|Any CPU
		{9627F8BF-02E2-47E9-B7BD-945357F4944F}.Debug|Any CPU.ActiveCfg = Debug|Any CPU
		{9627F8BF-02E2-47E9-B7BD-945357F4944F}.Debug|Any CPU.Build.0 = Debug|Any CPU
		{9627F8BF-02E2-47E9-B7BD-945357F4944F}.Debug|x64.ActiveCfg = Debug|Any CPU
		{9627F8BF-02E2-47E9-B7BD-945357F4944F}.Debug|x64.Build.0 = Debug|Any CPU
		{9627F8BF-02E2-47E9-B7BD-945357F4944F}.Debug|x86.ActiveCfg = Debug|Any CPU
		{9627F8BF-02E2-47E9-B7BD-945357F4944F}.Debug|x86.Build.0 = Debug|Any CPU
		{9627F8BF-02E2-47E9-B7BD-945357F4944F}.Release|Any CPU.ActiveCfg = Release|Any CPU
		{9627F8BF-02E2-47E9-B7BD-945357F4944F}.Release|Any CPU.Build.0 = Release|Any CPU
		{9627F8BF-02E2-47E9-B7BD-945357F4944F}.Release|x64.ActiveCfg = Release|Any CPU
		{9627F8BF-02E2-47E9-B7BD-945357F4944F}.Release|x64.Build.0 = Release|Any CPU
		{9627F8BF-02E2-47E9-B7BD-945357F4944F}.Release|x86.ActiveCfg = Release|Any CPU
		{9627F8BF-02E2-47E9-B7BD-945357F4944F}.Release|x86.Build.0 = Release|Any CPU
		{14B974D1-DFF4-4828-A673-F337A847CBCC}.Debug|Any CPU.ActiveCfg = Debug|Any CPU
		{14B974D1-DFF4-4828-A673-F337A847CBCC}.Debug|Any CPU.Build.0 = Debug|Any CPU
		{14B974D1-DFF4-4828-A673-F337A847CBCC}.Debug|x64.ActiveCfg = Debug|Any CPU
		{14B974D1-DFF4-4828-A673-F337A847CBCC}.Debug|x64.Build.0 = Debug|Any CPU
		{14B974D1-DFF4-4828-A673-F337A847CBCC}.Debug|x86.ActiveCfg = Debug|Any CPU
		{14B974D1-DFF4-4828-A673-F337A847CBCC}.Debug|x86.Build.0 = Debug|Any CPU
		{14B974D1-DFF4-4828-A673-F337A847CBCC}.Release|Any CPU.ActiveCfg = Release|Any CPU
		{14B974D1-DFF4-4828-A673-F337A847CBCC}.Release|Any CPU.Build.0 = Release|Any CPU
		{14B974D1-DFF4-4828-A673-F337A847CBCC}.Release|x64.ActiveCfg = Release|Any CPU
		{14B974D1-DFF4-4828-A673-F337A847CBCC}.Release|x64.Build.0 = Release|Any CPU
		{14B974D1-DFF4-4828-A673-F337A847CBCC}.Release|x86.ActiveCfg = Release|Any CPU
		{14B974D1-DFF4-4828-A673-F337A847CBCC}.Release|x86.Build.0 = Release|Any CPU
		{9F337182-8C1B-4500-B655-7805F1051C24}.Debug|Any CPU.ActiveCfg = Debug|Any CPU
		{9F337182-8C1B-4500-B655-7805F1051C24}.Debug|Any CPU.Build.0 = Debug|Any CPU
		{9F337182-8C1B-4500-B655-7805F1051C24}.Debug|x64.ActiveCfg = Debug|Any CPU
		{9F337182-8C1B-4500-B655-7805F1051C24}.Debug|x64.Build.0 = Debug|Any CPU
		{9F337182-8C1B-4500-B655-7805F1051C24}.Debug|x86.ActiveCfg = Debug|Any CPU
		{9F337182-8C1B-4500-B655-7805F1051C24}.Debug|x86.Build.0 = Debug|Any CPU
		{9F337182-8C1B-4500-B655-7805F1051C24}.Release|Any CPU.ActiveCfg = Release|Any CPU
		{9F337182-8C1B-4500-B655-7805F1051C24}.Release|Any CPU.Build.0 = Release|Any CPU
		{9F337182-8C1B-4500-B655-7805F1051C24}.Release|x64.ActiveCfg = Release|Any CPU
		{9F337182-8C1B-4500-B655-7805F1051C24}.Release|x64.Build.0 = Release|Any CPU
		{9F337182-8C1B-4500-B655-7805F1051C24}.Release|x86.ActiveCfg = Release|Any CPU
		{9F337182-8C1B-4500-B655-7805F1051C24}.Release|x86.Build.0 = Release|Any CPU
		{2D34C9B5-7CC3-4DF5-A1EF-B9993BE5DD58}.Debug|Any CPU.ActiveCfg = Debug|Any CPU
		{2D34C9B5-7CC3-4DF5-A1EF-B9993BE5DD58}.Debug|Any CPU.Build.0 = Debug|Any CPU
		{2D34C9B5-7CC3-4DF5-A1EF-B9993BE5DD58}.Debug|x64.ActiveCfg = Debug|Any CPU
		{2D34C9B5-7CC3-4DF5-A1EF-B9993BE5DD58}.Debug|x64.Build.0 = Debug|Any CPU
		{2D34C9B5-7CC3-4DF5-A1EF-B9993BE5DD58}.Debug|x86.ActiveCfg = Debug|Any CPU
		{2D34C9B5-7CC3-4DF5-A1EF-B9993BE5DD58}.Debug|x86.Build.0 = Debug|Any CPU
		{2D34C9B5-7CC3-4DF5-A1EF-B9993BE5DD58}.Release|Any CPU.ActiveCfg = Release|Any CPU
		{2D34C9B5-7CC3-4DF5-A1EF-B9993BE5DD58}.Release|Any CPU.Build.0 = Release|Any CPU
		{2D34C9B5-7CC3-4DF5-A1EF-B9993BE5DD58}.Release|x64.ActiveCfg = Release|Any CPU
		{2D34C9B5-7CC3-4DF5-A1EF-B9993BE5DD58}.Release|x64.Build.0 = Release|Any CPU
		{2D34C9B5-7CC3-4DF5-A1EF-B9993BE5DD58}.Release|x86.ActiveCfg = Release|Any CPU
		{2D34C9B5-7CC3-4DF5-A1EF-B9993BE5DD58}.Release|x86.Build.0 = Release|Any CPU
		{056C2553-C8CD-4E0A-9E5F-637E0C146E61}.Debug|Any CPU.ActiveCfg = Debug|Any CPU
		{056C2553-C8CD-4E0A-9E5F-637E0C146E61}.Debug|Any CPU.Build.0 = Debug|Any CPU
		{056C2553-C8CD-4E0A-9E5F-637E0C146E61}.Debug|x64.ActiveCfg = Debug|Any CPU
		{056C2553-C8CD-4E0A-9E5F-637E0C146E61}.Debug|x64.Build.0 = Debug|Any CPU
		{056C2553-C8CD-4E0A-9E5F-637E0C146E61}.Debug|x86.ActiveCfg = Debug|Any CPU
		{056C2553-C8CD-4E0A-9E5F-637E0C146E61}.Debug|x86.Build.0 = Debug|Any CPU
		{056C2553-C8CD-4E0A-9E5F-637E0C146E61}.Release|Any CPU.ActiveCfg = Release|Any CPU
		{056C2553-C8CD-4E0A-9E5F-637E0C146E61}.Release|Any CPU.Build.0 = Release|Any CPU
		{056C2553-C8CD-4E0A-9E5F-637E0C146E61}.Release|x64.ActiveCfg = Release|Any CPU
		{056C2553-C8CD-4E0A-9E5F-637E0C146E61}.Release|x64.Build.0 = Release|Any CPU
		{056C2553-C8CD-4E0A-9E5F-637E0C146E61}.Release|x86.ActiveCfg = Release|Any CPU
		{056C2553-C8CD-4E0A-9E5F-637E0C146E61}.Release|x86.Build.0 = Release|Any CPU
		{FE757A95-E689-46A5-B8D4-22B1F124E924}.Debug|Any CPU.ActiveCfg = Debug|Any CPU
		{FE757A95-E689-46A5-B8D4-22B1F124E924}.Debug|Any CPU.Build.0 = Debug|Any CPU
		{FE757A95-E689-46A5-B8D4-22B1F124E924}.Debug|x64.ActiveCfg = Debug|Any CPU
		{FE757A95-E689-46A5-B8D4-22B1F124E924}.Debug|x64.Build.0 = Debug|Any CPU
		{FE757A95-E689-46A5-B8D4-22B1F124E924}.Debug|x86.ActiveCfg = Debug|Any CPU
		{FE757A95-E689-46A5-B8D4-22B1F124E924}.Debug|x86.Build.0 = Debug|Any CPU
		{FE757A95-E689-46A5-B8D4-22B1F124E924}.Release|Any CPU.ActiveCfg = Release|Any CPU
		{FE757A95-E689-46A5-B8D4-22B1F124E924}.Release|Any CPU.Build.0 = Release|Any CPU
		{FE757A95-E689-46A5-B8D4-22B1F124E924}.Release|x64.ActiveCfg = Release|Any CPU
		{FE757A95-E689-46A5-B8D4-22B1F124E924}.Release|x64.Build.0 = Release|Any CPU
		{FE757A95-E689-46A5-B8D4-22B1F124E924}.Release|x86.ActiveCfg = Release|Any CPU
		{FE757A95-E689-46A5-B8D4-22B1F124E924}.Release|x86.Build.0 = Release|Any CPU
		{10D2E9E6-7320-4CFF-B61C-1AABD8315603}.Debug|Any CPU.ActiveCfg = Debug|Any CPU
		{10D2E9E6-7320-4CFF-B61C-1AABD8315603}.Debug|Any CPU.Build.0 = Debug|Any CPU
		{10D2E9E6-7320-4CFF-B61C-1AABD8315603}.Debug|x64.ActiveCfg = Debug|Any CPU
		{10D2E9E6-7320-4CFF-B61C-1AABD8315603}.Debug|x64.Build.0 = Debug|Any CPU
		{10D2E9E6-7320-4CFF-B61C-1AABD8315603}.Debug|x86.ActiveCfg = Debug|Any CPU
		{10D2E9E6-7320-4CFF-B61C-1AABD8315603}.Debug|x86.Build.0 = Debug|Any CPU
		{10D2E9E6-7320-4CFF-B61C-1AABD8315603}.Release|Any CPU.ActiveCfg = Release|Any CPU
		{10D2E9E6-7320-4CFF-B61C-1AABD8315603}.Release|Any CPU.Build.0 = Release|Any CPU
		{10D2E9E6-7320-4CFF-B61C-1AABD8315603}.Release|x64.ActiveCfg = Release|Any CPU
		{10D2E9E6-7320-4CFF-B61C-1AABD8315603}.Release|x64.Build.0 = Release|Any CPU
		{10D2E9E6-7320-4CFF-B61C-1AABD8315603}.Release|x86.ActiveCfg = Release|Any CPU
		{10D2E9E6-7320-4CFF-B61C-1AABD8315603}.Release|x86.Build.0 = Release|Any CPU
		{0578368D-27BF-4E60-BF68-BCE1A544922F}.Debug|Any CPU.ActiveCfg = Debug|Any CPU
		{0578368D-27BF-4E60-BF68-BCE1A544922F}.Debug|Any CPU.Build.0 = Debug|Any CPU
		{0578368D-27BF-4E60-BF68-BCE1A544922F}.Debug|x64.ActiveCfg = Debug|Any CPU
		{0578368D-27BF-4E60-BF68-BCE1A544922F}.Debug|x64.Build.0 = Debug|Any CPU
		{0578368D-27BF-4E60-BF68-BCE1A544922F}.Debug|x86.ActiveCfg = Debug|Any CPU
		{0578368D-27BF-4E60-BF68-BCE1A544922F}.Debug|x86.Build.0 = Debug|Any CPU
		{0578368D-27BF-4E60-BF68-BCE1A544922F}.Release|Any CPU.ActiveCfg = Release|Any CPU
		{0578368D-27BF-4E60-BF68-BCE1A544922F}.Release|Any CPU.Build.0 = Release|Any CPU
		{0578368D-27BF-4E60-BF68-BCE1A544922F}.Release|x64.ActiveCfg = Release|Any CPU
		{0578368D-27BF-4E60-BF68-BCE1A544922F}.Release|x64.Build.0 = Release|Any CPU
		{0578368D-27BF-4E60-BF68-BCE1A544922F}.Release|x86.ActiveCfg = Release|Any CPU
		{0578368D-27BF-4E60-BF68-BCE1A544922F}.Release|x86.Build.0 = Release|Any CPU
		{B5D66D08-B284-466A-9630-617DCD66C939}.Debug|Any CPU.ActiveCfg = Debug|Any CPU
		{B5D66D08-B284-466A-9630-617DCD66C939}.Debug|Any CPU.Build.0 = Debug|Any CPU
		{B5D66D08-B284-466A-9630-617DCD66C939}.Debug|x64.ActiveCfg = Debug|Any CPU
		{B5D66D08-B284-466A-9630-617DCD66C939}.Debug|x64.Build.0 = Debug|Any CPU
		{B5D66D08-B284-466A-9630-617DCD66C939}.Debug|x86.ActiveCfg = Debug|Any CPU
		{B5D66D08-B284-466A-9630-617DCD66C939}.Debug|x86.Build.0 = Debug|Any CPU
		{B5D66D08-B284-466A-9630-617DCD66C939}.Release|Any CPU.ActiveCfg = Release|Any CPU
		{B5D66D08-B284-466A-9630-617DCD66C939}.Release|Any CPU.Build.0 = Release|Any CPU
		{B5D66D08-B284-466A-9630-617DCD66C939}.Release|x64.ActiveCfg = Release|Any CPU
		{B5D66D08-B284-466A-9630-617DCD66C939}.Release|x64.Build.0 = Release|Any CPU
		{B5D66D08-B284-466A-9630-617DCD66C939}.Release|x86.ActiveCfg = Release|Any CPU
		{B5D66D08-B284-466A-9630-617DCD66C939}.Release|x86.Build.0 = Release|Any CPU
		{CE3EE67D-7799-4D16-B249-F320ACAC32EC}.Debug|Any CPU.ActiveCfg = Debug|Any CPU
		{CE3EE67D-7799-4D16-B249-F320ACAC32EC}.Debug|Any CPU.Build.0 = Debug|Any CPU
		{CE3EE67D-7799-4D16-B249-F320ACAC32EC}.Debug|x64.ActiveCfg = Debug|Any CPU
		{CE3EE67D-7799-4D16-B249-F320ACAC32EC}.Debug|x64.Build.0 = Debug|Any CPU
		{CE3EE67D-7799-4D16-B249-F320ACAC32EC}.Debug|x86.ActiveCfg = Debug|Any CPU
		{CE3EE67D-7799-4D16-B249-F320ACAC32EC}.Debug|x86.Build.0 = Debug|Any CPU
		{CE3EE67D-7799-4D16-B249-F320ACAC32EC}.Release|Any CPU.ActiveCfg = Release|Any CPU
		{CE3EE67D-7799-4D16-B249-F320ACAC32EC}.Release|Any CPU.Build.0 = Release|Any CPU
		{CE3EE67D-7799-4D16-B249-F320ACAC32EC}.Release|x64.ActiveCfg = Release|Any CPU
		{CE3EE67D-7799-4D16-B249-F320ACAC32EC}.Release|x64.Build.0 = Release|Any CPU
		{CE3EE67D-7799-4D16-B249-F320ACAC32EC}.Release|x86.ActiveCfg = Release|Any CPU
		{CE3EE67D-7799-4D16-B249-F320ACAC32EC}.Release|x86.Build.0 = Release|Any CPU
		{21135577-9EDC-417E-8630-1E49168EE5F2}.Debug|Any CPU.ActiveCfg = Debug|Any CPU
		{21135577-9EDC-417E-8630-1E49168EE5F2}.Debug|Any CPU.Build.0 = Debug|Any CPU
		{21135577-9EDC-417E-8630-1E49168EE5F2}.Debug|x64.ActiveCfg = Debug|Any CPU
		{21135577-9EDC-417E-8630-1E49168EE5F2}.Debug|x64.Build.0 = Debug|Any CPU
		{21135577-9EDC-417E-8630-1E49168EE5F2}.Debug|x86.ActiveCfg = Debug|Any CPU
		{21135577-9EDC-417E-8630-1E49168EE5F2}.Debug|x86.Build.0 = Debug|Any CPU
		{21135577-9EDC-417E-8630-1E49168EE5F2}.Release|Any CPU.ActiveCfg = Release|Any CPU
		{21135577-9EDC-417E-8630-1E49168EE5F2}.Release|Any CPU.Build.0 = Release|Any CPU
		{21135577-9EDC-417E-8630-1E49168EE5F2}.Release|x64.ActiveCfg = Release|Any CPU
		{21135577-9EDC-417E-8630-1E49168EE5F2}.Release|x64.Build.0 = Release|Any CPU
		{21135577-9EDC-417E-8630-1E49168EE5F2}.Release|x86.ActiveCfg = Release|Any CPU
		{21135577-9EDC-417E-8630-1E49168EE5F2}.Release|x86.Build.0 = Release|Any CPU
		{555A80A9-B424-46D5-A7E3-641D64AD25CD}.Debug|Any CPU.ActiveCfg = Debug|Any CPU
		{555A80A9-B424-46D5-A7E3-641D64AD25CD}.Debug|Any CPU.Build.0 = Debug|Any CPU
		{555A80A9-B424-46D5-A7E3-641D64AD25CD}.Debug|x64.ActiveCfg = Debug|Any CPU
		{555A80A9-B424-46D5-A7E3-641D64AD25CD}.Debug|x64.Build.0 = Debug|Any CPU
		{555A80A9-B424-46D5-A7E3-641D64AD25CD}.Debug|x86.ActiveCfg = Debug|Any CPU
		{555A80A9-B424-46D5-A7E3-641D64AD25CD}.Debug|x86.Build.0 = Debug|Any CPU
		{555A80A9-B424-46D5-A7E3-641D64AD25CD}.Release|Any CPU.ActiveCfg = Release|Any CPU
		{555A80A9-B424-46D5-A7E3-641D64AD25CD}.Release|Any CPU.Build.0 = Release|Any CPU
		{555A80A9-B424-46D5-A7E3-641D64AD25CD}.Release|x64.ActiveCfg = Release|Any CPU
		{555A80A9-B424-46D5-A7E3-641D64AD25CD}.Release|x64.Build.0 = Release|Any CPU
		{555A80A9-B424-46D5-A7E3-641D64AD25CD}.Release|x86.ActiveCfg = Release|Any CPU
		{555A80A9-B424-46D5-A7E3-641D64AD25CD}.Release|x86.Build.0 = Release|Any CPU
		{AF9C69D2-A4EC-490F-B47F-50CBA4FE120C}.Debug|Any CPU.ActiveCfg = Debug|Any CPU
		{AF9C69D2-A4EC-490F-B47F-50CBA4FE120C}.Debug|Any CPU.Build.0 = Debug|Any CPU
		{AF9C69D2-A4EC-490F-B47F-50CBA4FE120C}.Debug|x64.ActiveCfg = Debug|Any CPU
		{AF9C69D2-A4EC-490F-B47F-50CBA4FE120C}.Debug|x64.Build.0 = Debug|Any CPU
		{AF9C69D2-A4EC-490F-B47F-50CBA4FE120C}.Debug|x86.ActiveCfg = Debug|Any CPU
		{AF9C69D2-A4EC-490F-B47F-50CBA4FE120C}.Debug|x86.Build.0 = Debug|Any CPU
		{AF9C69D2-A4EC-490F-B47F-50CBA4FE120C}.Release|Any CPU.ActiveCfg = Release|Any CPU
		{AF9C69D2-A4EC-490F-B47F-50CBA4FE120C}.Release|Any CPU.Build.0 = Release|Any CPU
		{AF9C69D2-A4EC-490F-B47F-50CBA4FE120C}.Release|x64.ActiveCfg = Release|Any CPU
		{AF9C69D2-A4EC-490F-B47F-50CBA4FE120C}.Release|x64.Build.0 = Release|Any CPU
		{AF9C69D2-A4EC-490F-B47F-50CBA4FE120C}.Release|x86.ActiveCfg = Release|Any CPU
		{AF9C69D2-A4EC-490F-B47F-50CBA4FE120C}.Release|x86.Build.0 = Release|Any CPU
		{364D8ADC-A4A1-4278-9271-070CDF7A82AA}.Debug|Any CPU.ActiveCfg = Debug|Any CPU
		{364D8ADC-A4A1-4278-9271-070CDF7A82AA}.Debug|Any CPU.Build.0 = Debug|Any CPU
		{364D8ADC-A4A1-4278-9271-070CDF7A82AA}.Debug|x64.ActiveCfg = Debug|Any CPU
		{364D8ADC-A4A1-4278-9271-070CDF7A82AA}.Debug|x64.Build.0 = Debug|Any CPU
		{364D8ADC-A4A1-4278-9271-070CDF7A82AA}.Debug|x86.ActiveCfg = Debug|Any CPU
		{364D8ADC-A4A1-4278-9271-070CDF7A82AA}.Debug|x86.Build.0 = Debug|Any CPU
		{364D8ADC-A4A1-4278-9271-070CDF7A82AA}.Release|Any CPU.ActiveCfg = Release|Any CPU
		{364D8ADC-A4A1-4278-9271-070CDF7A82AA}.Release|Any CPU.Build.0 = Release|Any CPU
		{364D8ADC-A4A1-4278-9271-070CDF7A82AA}.Release|x64.ActiveCfg = Release|Any CPU
		{364D8ADC-A4A1-4278-9271-070CDF7A82AA}.Release|x64.Build.0 = Release|Any CPU
		{364D8ADC-A4A1-4278-9271-070CDF7A82AA}.Release|x86.ActiveCfg = Release|Any CPU
		{364D8ADC-A4A1-4278-9271-070CDF7A82AA}.Release|x86.Build.0 = Release|Any CPU
		{CE76FD7D-1075-4536-ACB9-2854144B4241}.Debug|Any CPU.ActiveCfg = Debug|Any CPU
		{CE76FD7D-1075-4536-ACB9-2854144B4241}.Debug|Any CPU.Build.0 = Debug|Any CPU
		{CE76FD7D-1075-4536-ACB9-2854144B4241}.Debug|x64.ActiveCfg = Debug|Any CPU
		{CE76FD7D-1075-4536-ACB9-2854144B4241}.Debug|x64.Build.0 = Debug|Any CPU
		{CE76FD7D-1075-4536-ACB9-2854144B4241}.Debug|x86.ActiveCfg = Debug|Any CPU
		{CE76FD7D-1075-4536-ACB9-2854144B4241}.Debug|x86.Build.0 = Debug|Any CPU
		{CE76FD7D-1075-4536-ACB9-2854144B4241}.Release|Any CPU.ActiveCfg = Release|Any CPU
		{CE76FD7D-1075-4536-ACB9-2854144B4241}.Release|Any CPU.Build.0 = Release|Any CPU
		{CE76FD7D-1075-4536-ACB9-2854144B4241}.Release|x64.ActiveCfg = Release|Any CPU
		{CE76FD7D-1075-4536-ACB9-2854144B4241}.Release|x64.Build.0 = Release|Any CPU
		{CE76FD7D-1075-4536-ACB9-2854144B4241}.Release|x86.ActiveCfg = Release|Any CPU
		{CE76FD7D-1075-4536-ACB9-2854144B4241}.Release|x86.Build.0 = Release|Any CPU
		{80AB48D4-C6C7-4F2D-9064-2D0A403A3880}.Debug|Any CPU.ActiveCfg = Debug|Any CPU
		{80AB48D4-C6C7-4F2D-9064-2D0A403A3880}.Debug|Any CPU.Build.0 = Debug|Any CPU
		{80AB48D4-C6C7-4F2D-9064-2D0A403A3880}.Debug|x64.ActiveCfg = Debug|Any CPU
		{80AB48D4-C6C7-4F2D-9064-2D0A403A3880}.Debug|x64.Build.0 = Debug|Any CPU
		{80AB48D4-C6C7-4F2D-9064-2D0A403A3880}.Debug|x86.ActiveCfg = Debug|Any CPU
		{80AB48D4-C6C7-4F2D-9064-2D0A403A3880}.Debug|x86.Build.0 = Debug|Any CPU
		{80AB48D4-C6C7-4F2D-9064-2D0A403A3880}.Release|Any CPU.ActiveCfg = Release|Any CPU
		{80AB48D4-C6C7-4F2D-9064-2D0A403A3880}.Release|Any CPU.Build.0 = Release|Any CPU
		{80AB48D4-C6C7-4F2D-9064-2D0A403A3880}.Release|x64.ActiveCfg = Release|Any CPU
		{80AB48D4-C6C7-4F2D-9064-2D0A403A3880}.Release|x64.Build.0 = Release|Any CPU
		{80AB48D4-C6C7-4F2D-9064-2D0A403A3880}.Release|x86.ActiveCfg = Release|Any CPU
		{80AB48D4-C6C7-4F2D-9064-2D0A403A3880}.Release|x86.Build.0 = Release|Any CPU
		{675F562A-CBA9-4676-84EF-DAF64A8C1BEC}.Debug|Any CPU.ActiveCfg = Debug|Any CPU
		{675F562A-CBA9-4676-84EF-DAF64A8C1BEC}.Debug|Any CPU.Build.0 = Debug|Any CPU
		{675F562A-CBA9-4676-84EF-DAF64A8C1BEC}.Debug|x64.ActiveCfg = Debug|Any CPU
		{675F562A-CBA9-4676-84EF-DAF64A8C1BEC}.Debug|x64.Build.0 = Debug|Any CPU
		{675F562A-CBA9-4676-84EF-DAF64A8C1BEC}.Debug|x86.ActiveCfg = Debug|Any CPU
		{675F562A-CBA9-4676-84EF-DAF64A8C1BEC}.Debug|x86.Build.0 = Debug|Any CPU
		{675F562A-CBA9-4676-84EF-DAF64A8C1BEC}.Release|Any CPU.ActiveCfg = Release|Any CPU
		{675F562A-CBA9-4676-84EF-DAF64A8C1BEC}.Release|Any CPU.Build.0 = Release|Any CPU
		{675F562A-CBA9-4676-84EF-DAF64A8C1BEC}.Release|x64.ActiveCfg = Release|Any CPU
		{675F562A-CBA9-4676-84EF-DAF64A8C1BEC}.Release|x64.Build.0 = Release|Any CPU
		{675F562A-CBA9-4676-84EF-DAF64A8C1BEC}.Release|x86.ActiveCfg = Release|Any CPU
		{675F562A-CBA9-4676-84EF-DAF64A8C1BEC}.Release|x86.Build.0 = Release|Any CPU
		{7EE75BF9-9DB4-4DFB-A996-818C563E34F9}.Debug|Any CPU.ActiveCfg = Debug|Any CPU
		{7EE75BF9-9DB4-4DFB-A996-818C563E34F9}.Debug|Any CPU.Build.0 = Debug|Any CPU
		{7EE75BF9-9DB4-4DFB-A996-818C563E34F9}.Debug|x64.ActiveCfg = Debug|Any CPU
		{7EE75BF9-9DB4-4DFB-A996-818C563E34F9}.Debug|x64.Build.0 = Debug|Any CPU
		{7EE75BF9-9DB4-4DFB-A996-818C563E34F9}.Debug|x86.ActiveCfg = Debug|Any CPU
		{7EE75BF9-9DB4-4DFB-A996-818C563E34F9}.Debug|x86.Build.0 = Debug|Any CPU
		{7EE75BF9-9DB4-4DFB-A996-818C563E34F9}.Release|Any CPU.ActiveCfg = Release|Any CPU
		{7EE75BF9-9DB4-4DFB-A996-818C563E34F9}.Release|Any CPU.Build.0 = Release|Any CPU
		{7EE75BF9-9DB4-4DFB-A996-818C563E34F9}.Release|x64.ActiveCfg = Release|Any CPU
		{7EE75BF9-9DB4-4DFB-A996-818C563E34F9}.Release|x64.Build.0 = Release|Any CPU
		{7EE75BF9-9DB4-4DFB-A996-818C563E34F9}.Release|x86.ActiveCfg = Release|Any CPU
		{7EE75BF9-9DB4-4DFB-A996-818C563E34F9}.Release|x86.Build.0 = Release|Any CPU
		{40D65D7B-3F47-4A58-9910-83A4241B5776}.Debug|Any CPU.ActiveCfg = Debug|Any CPU
		{40D65D7B-3F47-4A58-9910-83A4241B5776}.Debug|Any CPU.Build.0 = Debug|Any CPU
		{40D65D7B-3F47-4A58-9910-83A4241B5776}.Debug|x64.ActiveCfg = Debug|Any CPU
		{40D65D7B-3F47-4A58-9910-83A4241B5776}.Debug|x64.Build.0 = Debug|Any CPU
		{40D65D7B-3F47-4A58-9910-83A4241B5776}.Debug|x86.ActiveCfg = Debug|Any CPU
		{40D65D7B-3F47-4A58-9910-83A4241B5776}.Debug|x86.Build.0 = Debug|Any CPU
		{40D65D7B-3F47-4A58-9910-83A4241B5776}.Release|Any CPU.ActiveCfg = Release|Any CPU
		{40D65D7B-3F47-4A58-9910-83A4241B5776}.Release|Any CPU.Build.0 = Release|Any CPU
		{40D65D7B-3F47-4A58-9910-83A4241B5776}.Release|x64.ActiveCfg = Release|Any CPU
		{40D65D7B-3F47-4A58-9910-83A4241B5776}.Release|x64.Build.0 = Release|Any CPU
		{40D65D7B-3F47-4A58-9910-83A4241B5776}.Release|x86.ActiveCfg = Release|Any CPU
		{40D65D7B-3F47-4A58-9910-83A4241B5776}.Release|x86.Build.0 = Release|Any CPU
		{6BEB6B95-0C47-411E-897B-D668671D47CF}.Debug|Any CPU.ActiveCfg = Debug|Any CPU
		{6BEB6B95-0C47-411E-897B-D668671D47CF}.Debug|Any CPU.Build.0 = Debug|Any CPU
		{6BEB6B95-0C47-411E-897B-D668671D47CF}.Debug|x64.ActiveCfg = Debug|Any CPU
		{6BEB6B95-0C47-411E-897B-D668671D47CF}.Debug|x64.Build.0 = Debug|Any CPU
		{6BEB6B95-0C47-411E-897B-D668671D47CF}.Debug|x86.ActiveCfg = Debug|Any CPU
		{6BEB6B95-0C47-411E-897B-D668671D47CF}.Debug|x86.Build.0 = Debug|Any CPU
		{6BEB6B95-0C47-411E-897B-D668671D47CF}.Release|Any CPU.ActiveCfg = Release|Any CPU
		{6BEB6B95-0C47-411E-897B-D668671D47CF}.Release|Any CPU.Build.0 = Release|Any CPU
		{6BEB6B95-0C47-411E-897B-D668671D47CF}.Release|x64.ActiveCfg = Release|Any CPU
		{6BEB6B95-0C47-411E-897B-D668671D47CF}.Release|x64.Build.0 = Release|Any CPU
		{6BEB6B95-0C47-411E-897B-D668671D47CF}.Release|x86.ActiveCfg = Release|Any CPU
		{6BEB6B95-0C47-411E-897B-D668671D47CF}.Release|x86.Build.0 = Release|Any CPU
	EndGlobalSection
	GlobalSection(SolutionProperties) = preSolution
		HideSolutionNode = FALSE
	EndGlobalSection
	GlobalSection(NestedProjects) = preSolution
		{ED49C1B1-67BF-4152-AD55-5033CD16A52D} = {827E0CD3-B72D-47B6-A68D-7590B98EB39B}
		{EC447DCF-ABFA-6E24-52A5-D7FD48A5C558} = {827E0CD3-B72D-47B6-A68D-7590B98EB39B}
		{0EC62A1A-9858-3A60-8A0C-FC9AACFA2EC7} = {EC447DCF-ABFA-6E24-52A5-D7FD48A5C558}
		{B6659EE3-C9F4-498D-8870-AB0182BC46F7} = {0EC62A1A-9858-3A60-8A0C-FC9AACFA2EC7}
		{9627F8BF-02E2-47E9-B7BD-945357F4944F} = {0EC62A1A-9858-3A60-8A0C-FC9AACFA2EC7}
		{8F188A11-10B3-01AA-2919-022DB345ECA2} = {827E0CD3-B72D-47B6-A68D-7590B98EB39B}
		{14B974D1-DFF4-4828-A673-F337A847CBCC} = {0EC62A1A-9858-3A60-8A0C-FC9AACFA2EC7}
		{9F337182-8C1B-4500-B655-7805F1051C24} = {0EC62A1A-9858-3A60-8A0C-FC9AACFA2EC7}
		{72D90D98-2977-7949-81F5-CA55A7205F48} = {EC447DCF-ABFA-6E24-52A5-D7FD48A5C558}
		{2D34C9B5-7CC3-4DF5-A1EF-B9993BE5DD58} = {72D90D98-2977-7949-81F5-CA55A7205F48}
		{056C2553-C8CD-4E0A-9E5F-637E0C146E61} = {72D90D98-2977-7949-81F5-CA55A7205F48}
		{FE757A95-E689-46A5-B8D4-22B1F124E924} = {72D90D98-2977-7949-81F5-CA55A7205F48}
		{10D2E9E6-7320-4CFF-B61C-1AABD8315603} = {72D90D98-2977-7949-81F5-CA55A7205F48}
		{EC3044CC-E492-D8AF-0A23-FCE85D5BEC6C} = {EC447DCF-ABFA-6E24-52A5-D7FD48A5C558}
		{0578368D-27BF-4E60-BF68-BCE1A544922F} = {EC3044CC-E492-D8AF-0A23-FCE85D5BEC6C}
		{B5D66D08-B284-466A-9630-617DCD66C939} = {EC3044CC-E492-D8AF-0A23-FCE85D5BEC6C}
		{CE3EE67D-7799-4D16-B249-F320ACAC32EC} = {EC3044CC-E492-D8AF-0A23-FCE85D5BEC6C}
		{981C2CF6-E5BB-602A-511C-234B538302B0} = {827E0CD3-B72D-47B6-A68D-7590B98EB39B}
		{21135577-9EDC-417E-8630-1E49168EE5F2} = {981C2CF6-E5BB-602A-511C-234B538302B0}
		{555A80A9-B424-46D5-A7E3-641D64AD25CD} = {981C2CF6-E5BB-602A-511C-234B538302B0}
		{77D691CB-1C90-F7D7-F3AD-7A7329972E7B} = {EC447DCF-ABFA-6E24-52A5-D7FD48A5C558}
		{AF9C69D2-A4EC-490F-B47F-50CBA4FE120C} = {77D691CB-1C90-F7D7-F3AD-7A7329972E7B}
		{364D8ADC-A4A1-4278-9271-070CDF7A82AA} = {77D691CB-1C90-F7D7-F3AD-7A7329972E7B}
		{CE76FD7D-1075-4536-ACB9-2854144B4241} = {77D691CB-1C90-F7D7-F3AD-7A7329972E7B}
		{80AB48D4-C6C7-4F2D-9064-2D0A403A3880} = {77D691CB-1C90-F7D7-F3AD-7A7329972E7B}
		{CADED06B-7944-DB9A-925D-5C1EF7A88BBF} = {8F188A11-10B3-01AA-2919-022DB345ECA2}
		{675F562A-CBA9-4676-84EF-DAF64A8C1BEC} = {CADED06B-7944-DB9A-925D-5C1EF7A88BBF}
		{7EE75BF9-9DB4-4DFB-A996-818C563E34F9} = {CADED06B-7944-DB9A-925D-5C1EF7A88BBF}
		{40D65D7B-3F47-4A58-9910-83A4241B5776} = {CADED06B-7944-DB9A-925D-5C1EF7A88BBF}
		{6BEB6B95-0C47-411E-897B-D668671D47CF} = {CADED06B-7944-DB9A-925D-5C1EF7A88BBF}
	EndGlobalSection
EndGlobal
